# This file is automatically @generated by Cargo.
# It is not intended for manual editing.
version = 4

[[package]]
name = "dilithia-consensus"
version = "0.1.0"

[[package]]
name = "dilithia-core"
version = "0.1.0"

[[package]]
name = "dilithia-crypto"
version = "0.1.0"

[[package]]
name = "dilithia-guard"
version = "0.1.0"

[[package]]
name = "dilithia-node"
version = "0.1.0"

[[package]]
name = "dilithia-p2p"
version = "0.1.0"

[[package]]
name = "dilithia-serialization"
version = "0.1.0"
